
Microsoft Visual Studio Solution File, Format Version 12.00
# Visual Studio Version 17
VisualStudioVersion = 17.9.34728.123
MinimumVisualStudioVersion = 10.0.40219.1
Project("{FAE04EC0-301F-11D3-BF4B-00C04F79EFBC}") = "TicketPriceCalculator", "TicketPriceCalculator.csproj", "{6430EC8D-699A-493C-A709-FE43CEC9646B}"
EndProject
Global
	GlobalSection(SolutionConfigurationPlatforms) = preSolution
		Debug|Any CPU = Debug|Any CPU
		Release|Any CPU = Release|Any CPU
	EndGlobalSection
	GlobalSection(ProjectConfigurationPlatforms) = postSolution
		{6430EC8D-699A-493C-A709-FE43CEC9646B}.Debug|Any CPU.ActiveCfg = Debug|Any CPU
		{6430EC8D-699A-493C-A709-FE43CEC9646B}.Debug|Any CPU.Build.0 = Debug|Any CPU
		{6430EC8D-699A-493C-A709-FE43CEC9646B}.Release|Any CPU.ActiveCfg = Release|Any CPU
		{6430EC8D-699A-493C-A709-FE43CEC9646B}.Release|Any CPU.Build.0 = Release|Any CPU
	EndGlobalSection
	GlobalSection(SolutionProperties) = preSolution
		HideSolutionNode = FALSE
	EndGlobalSection
	GlobalSection(ExtensibilityGlobals) = postSolution
		SolutionGuid = {66E83982-5D36-45F2-AACC-398C5141A1CD}
	EndGlobalSection
EndGlobal
